
Microsoft Visual Studio Solution File, Format Version 12.00
# Visual Studio Version 17
VisualStudioVersion = 17.4.33213.308
MinimumVisualStudioVersion = 10.0.40219.1
Project("{FAE04EC0-301F-11D3-BF4B-00C04F79EFBC}") = "sa.vol.calculator", "sa.vol.calculator.csproj", "{AAAAB226-A0EA-44D0-8486-C9F61AD86B44}"
EndProject
Global
	GlobalSection(SolutionConfigurationPlatforms) = preSolution
		Debug|Any CPU = Debug|Any CPU
		Release|Any CPU = Release|Any CPU
	EndGlobalSection
	GlobalSection(ProjectConfigurationPlatforms) = postSolution
		{AAAAB226-A0EA-44D0-8486-C9F61AD86B44}.Debug|Any CPU.ActiveCfg = Debug|Any CPU
		{AAAAB226-A0EA-44D0-8486-C9F61AD86B44}.Debug|Any CPU.Build.0 = Debug|Any CPU
		{AAAAB226-A0EA-44D0-8486-C9F61AD86B44}.Release|Any CPU.ActiveCfg = Release|Any CPU
		{AAAAB226-A0EA-44D0-8486-C9F61AD86B44}.Release|Any CPU.Build.0 = Release|Any CPU
	EndGlobalSection
	GlobalSection(SolutionProperties) = preSolution
		HideSolutionNode = FALSE
	EndGlobalSection
	GlobalSection(ExtensibilityGlobals) = postSolution
		SolutionGuid = {A496AB2A-A8EC-4367-900E-A5B93CDDA595}
	EndGlobalSection
EndGlobal
